
Microsoft Visual Studio Solution File, Format Version 12.00
# Visual Studio 2015
Project("{FAE04EC0-301F-11D3-BF4B-00C04F79EFBC}") = "VirusBlockBreaker", "VirusBlockBreaker.csproj", "{368F72A5-99EB-022D-A037-FDA0D12169CF}"
EndProject
Global
	GlobalSection(SolutionConfigurationPlatforms) = preSolution
		Debug|Any CPU = Debug|Any CPU
		Release|Any CPU = Release|Any CPU
	EndGlobalSection
	GlobalSection(ProjectConfigurationPlatforms) = postSolution
		{368F72A5-99EB-022D-A037-FDA0D12169CF}.Debug|Any CPU.ActiveCfg = Debug|Any CPU
		{368F72A5-99EB-022D-A037-FDA0D12169CF}.Debug|Any CPU.Build.0 = Debug|Any CPU
		{368F72A5-99EB-022D-A037-FDA0D12169CF}.Release|Any CPU.ActiveCfg = Release|Any CPU
		{368F72A5-99EB-022D-A037-FDA0D12169CF}.Release|Any CPU.Build.0 = Release|Any CPU
	EndGlobalSection
	GlobalSection(SolutionProperties) = preSolution
		HideSolutionNode = FALSE
	EndGlobalSection
EndGlobal
